# This file is automatically @generated by Cargo.
# It is not intended for manual editing.
version = 3

[[package]]
name = "day00"
version = "0.1.0"
dependencies = [
 "solver",
]

[[package]]
name = "solver"
version = "0.1.0"
source = "git+https://github.com/JoBoCl/solver#1c4f204c7918bc76d64bd7333c85bd1b8d04be6f"
